
Microsoft Visual Studio Solution File, Format Version 12.00
# Visual Studio Version 16
VisualStudioVersion = 16.0.31515.178
MinimumVisualStudioVersion = 10.0.40219.1
Project("{FAE04EC0-301F-11D3-BF4B-00C04F79EFBC}") = "BackEndFacturacion", "BackEndFacturacion\BackEndFacturacion.csproj", "{507DAD8A-8EB3-4F36-883B-109E9DC16B08}"
EndProject
Project("{FAE04EC0-301F-11D3-BF4B-00C04F79EFBC}") = "BaseFacturacion", "BaseFacturacion\BaseFacturacion.csproj", "{25FF733B-468E-4663-AD64-D37994B8143E}"
EndProject
Global
	GlobalSection(SolutionConfigurationPlatforms) = preSolution
		Debug|Any CPU = Debug|Any CPU
		Release|Any CPU = Release|Any CPU
	EndGlobalSection
	GlobalSection(ProjectConfigurationPlatforms) = postSolution
		{507DAD8A-8EB3-4F36-883B-109E9DC16B08}.Debug|Any CPU.ActiveCfg = Debug|Any CPU
		{507DAD8A-8EB3-4F36-883B-109E9DC16B08}.Debug|Any CPU.Build.0 = Debug|Any CPU
		{507DAD8A-8EB3-4F36-883B-109E9DC16B08}.Release|Any CPU.ActiveCfg = Release|Any CPU
		{507DAD8A-8EB3-4F36-883B-109E9DC16B08}.Release|Any CPU.Build.0 = Release|Any CPU
		{25FF733B-468E-4663-AD64-D37994B8143E}.Debug|Any CPU.ActiveCfg = Debug|Any CPU
		{25FF733B-468E-4663-AD64-D37994B8143E}.Debug|Any CPU.Build.0 = Debug|Any CPU
		{25FF733B-468E-4663-AD64-D37994B8143E}.Release|Any CPU.ActiveCfg = Release|Any CPU
		{25FF733B-468E-4663-AD64-D37994B8143E}.Release|Any CPU.Build.0 = Release|Any CPU
	EndGlobalSection
	GlobalSection(SolutionProperties) = preSolution
		HideSolutionNode = FALSE
	EndGlobalSection
	GlobalSection(ExtensibilityGlobals) = postSolution
		SolutionGuid = {B8AAD436-D1A5-4608-9EF0-0B28E0033A38}
	EndGlobalSection
EndGlobal
